
Microsoft Visual Studio Solution File, Format Version 12.00
# Visual Studio 2012
Project("{FAE04EC0-301F-11D3-BF4B-00C04F79EFBC}") = "_3_oop", "_3_oop\_3_oop.csproj", "{F560B487-E74B-4575-8573-39DE086B7D70}"
EndProject
Project("{FAE04EC0-301F-11D3-BF4B-00C04F79EFBC}") = "Butterfly", "Butterfly\Butterfly.csproj", "{2BC0A1D1-66FF-4113-A389-3DFD4CB60224}"
EndProject
Project("{FAE04EC0-301F-11D3-BF4B-00C04F79EFBC}") = "Bird", "Bird\Bird.csproj", "{857F8A26-0E0A-4EDF-8CF4-699F56FBED21}"
EndProject
Project("{FAE04EC0-301F-11D3-BF4B-00C04F79EFBC}") = "Fox", "Fox\Fox.csproj", "{15B82C2E-63D0-441D-A01A-06FBD60BA725}"
EndProject
Project("{FAE04EC0-301F-11D3-BF4B-00C04F79EFBC}") = "Snake", "Snake\Snake.csproj", "{6170B7C5-3779-4763-A2A2-2DD424F5BE33}"
EndProject
Project("{FAE04EC0-301F-11D3-BF4B-00C04F79EFBC}") = "Salmon", "Salmon\Salmon.csproj", "{CE33D07B-C857-4D60-8FC0-BC66613F960C}"
EndProject
Project("{FAE04EC0-301F-11D3-BF4B-00C04F79EFBC}") = "Dolphin", "Dolphin\Dolphin.csproj", "{9CBD47BC-B02E-450C-9BA1-6838005EAC59}"
EndProject
Project("{FAE04EC0-301F-11D3-BF4B-00C04F79EFBC}") = "Walkers", "Walkers\Walkers.csproj", "{EA91A0DC-FC03-4FA5-9828-5EC1FF96831A}"
EndProject
Project("{FAE04EC0-301F-11D3-BF4B-00C04F79EFBC}") = "Flyers", "Flyers\Flyers.csproj", "{62217956-1292-40E2-A2CB-133CBA668968}"
EndProject
Project("{FAE04EC0-301F-11D3-BF4B-00C04F79EFBC}") = "Swimmers", "Swimmers\Swimmers.csproj", "{1A7D14D6-7585-4C66-9B1E-2E13E8300EE3}"
EndProject
Project("{FAE04EC0-301F-11D3-BF4B-00C04F79EFBC}") = "Animal", "Animal\Animal.csproj", "{316AE7B6-11CC-4CA1-AB79-5CCC9896B60F}"
EndProject
Project("{FAE04EC0-301F-11D3-BF4B-00C04F79EFBC}") = "XML", "XML\XML.csproj", "{A5D4D7C5-F9C8-46B6-B420-40CAFD054F67}"
EndProject
Project("{FAE04EC0-301F-11D3-BF4B-00C04F79EFBC}") = "XMLInt", "XMLInt\XMLInt.csproj", "{1893C126-D39C-4827-B0EC-A5EFDD69C6CA}"
EndProject
Global
	GlobalSection(SolutionConfigurationPlatforms) = preSolution
		Debug|Any CPU = Debug|Any CPU
		Release|Any CPU = Release|Any CPU
	EndGlobalSection
	GlobalSection(ProjectConfigurationPlatforms) = postSolution
		{F560B487-E74B-4575-8573-39DE086B7D70}.Debug|Any CPU.ActiveCfg = Debug|Any CPU
		{F560B487-E74B-4575-8573-39DE086B7D70}.Debug|Any CPU.Build.0 = Debug|Any CPU
		{F560B487-E74B-4575-8573-39DE086B7D70}.Release|Any CPU.ActiveCfg = Release|Any CPU
		{F560B487-E74B-4575-8573-39DE086B7D70}.Release|Any CPU.Build.0 = Release|Any CPU
		{2BC0A1D1-66FF-4113-A389-3DFD4CB60224}.Debug|Any CPU.ActiveCfg = Debug|Any CPU
		{2BC0A1D1-66FF-4113-A389-3DFD4CB60224}.Debug|Any CPU.Build.0 = Debug|Any CPU
		{2BC0A1D1-66FF-4113-A389-3DFD4CB60224}.Release|Any CPU.ActiveCfg = Release|Any CPU
		{2BC0A1D1-66FF-4113-A389-3DFD4CB60224}.Release|Any CPU.Build.0 = Release|Any CPU
		{857F8A26-0E0A-4EDF-8CF4-699F56FBED21}.Debug|Any CPU.ActiveCfg = Debug|Any CPU
		{857F8A26-0E0A-4EDF-8CF4-699F56FBED21}.Debug|Any CPU.Build.0 = Debug|Any CPU
		{857F8A26-0E0A-4EDF-8CF4-699F56FBED21}.Release|Any CPU.ActiveCfg = Release|Any CPU
		{857F8A26-0E0A-4EDF-8CF4-699F56FBED21}.Release|Any CPU.Build.0 = Release|Any CPU
		{15B82C2E-63D0-441D-A01A-06FBD60BA725}.Debug|Any CPU.ActiveCfg = Debug|Any CPU
		{15B82C2E-63D0-441D-A01A-06FBD60BA725}.Debug|Any CPU.Build.0 = Debug|Any CPU
		{15B82C2E-63D0-441D-A01A-06FBD60BA725}.Release|Any CPU.ActiveCfg = Release|Any CPU
		{15B82C2E-63D0-441D-A01A-06FBD60BA725}.Release|Any CPU.Build.0 = Release|Any CPU
		{6170B7C5-3779-4763-A2A2-2DD424F5BE33}.Debug|Any CPU.ActiveCfg = Debug|Any CPU
		{6170B7C5-3779-4763-A2A2-2DD424F5BE33}.Debug|Any CPU.Build.0 = Debug|Any CPU
		{6170B7C5-3779-4763-A2A2-2DD424F5BE33}.Release|Any CPU.ActiveCfg = Release|Any CPU
		{6170B7C5-3779-4763-A2A2-2DD424F5BE33}.Release|Any CPU.Build.0 = Release|Any CPU
		{CE33D07B-C857-4D60-8FC0-BC66613F960C}.Debug|Any CPU.ActiveCfg = Debug|Any CPU
		{CE33D07B-C857-4D60-8FC0-BC66613F960C}.Debug|Any CPU.Build.0 = Debug|Any CPU
		{CE33D07B-C857-4D60-8FC0-BC66613F960C}.Release|Any CPU.ActiveCfg = Release|Any CPU
		{CE33D07B-C857-4D60-8FC0-BC66613F960C}.Release|Any CPU.Build.0 = Release|Any CPU
		{9CBD47BC-B02E-450C-9BA1-6838005EAC59}.Debug|Any CPU.ActiveCfg = Debug|Any CPU
		{9CBD47BC-B02E-450C-9BA1-6838005EAC59}.Debug|Any CPU.Build.0 = Debug|Any CPU
		{9CBD47BC-B02E-450C-9BA1-6838005EAC59}.Release|Any CPU.ActiveCfg = Release|Any CPU
		{9CBD47BC-B02E-450C-9BA1-6838005EAC59}.Release|Any CPU.Build.0 = Release|Any CPU
		{EA91A0DC-FC03-4FA5-9828-5EC1FF96831A}.Debug|Any CPU.ActiveCfg = Debug|Any CPU
		{EA91A0DC-FC03-4FA5-9828-5EC1FF96831A}.Debug|Any CPU.Build.0 = Debug|Any CPU
		{EA91A0DC-FC03-4FA5-9828-5EC1FF96831A}.Release|Any CPU.ActiveCfg = Release|Any CPU
		{EA91A0DC-FC03-4FA5-9828-5EC1FF96831A}.Release|Any CPU.Build.0 = Release|Any CPU
		{62217956-1292-40E2-A2CB-133CBA668968}.Debug|Any CPU.ActiveCfg = Debug|Any CPU
		{62217956-1292-40E2-A2CB-133CBA668968}.Debug|Any CPU.Build.0 = Debug|Any CPU
		{62217956-1292-40E2-A2CB-133CBA668968}.Release|Any CPU.ActiveCfg = Release|Any CPU
		{62217956-1292-40E2-A2CB-133CBA668968}.Release|Any CPU.Build.0 = Release|Any CPU
		{1A7D14D6-7585-4C66-9B1E-2E13E8300EE3}.Debug|Any CPU.ActiveCfg = Debug|Any CPU
		{1A7D14D6-7585-4C66-9B1E-2E13E8300EE3}.Debug|Any CPU.Build.0 = Debug|Any CPU
		{1A7D14D6-7585-4C66-9B1E-2E13E8300EE3}.Release|Any CPU.ActiveCfg = Release|Any CPU
		{1A7D14D6-7585-4C66-9B1E-2E13E8300EE3}.Release|Any CPU.Build.0 = Release|Any CPU
		{316AE7B6-11CC-4CA1-AB79-5CCC9896B60F}.Debug|Any CPU.ActiveCfg = Debug|Any CPU
		{316AE7B6-11CC-4CA1-AB79-5CCC9896B60F}.Debug|Any CPU.Build.0 = Debug|Any CPU
		{316AE7B6-11CC-4CA1-AB79-5CCC9896B60F}.Release|Any CPU.ActiveCfg = Release|Any CPU
		{316AE7B6-11CC-4CA1-AB79-5CCC9896B60F}.Release|Any CPU.Build.0 = Release|Any CPU
		{A5D4D7C5-F9C8-46B6-B420-40CAFD054F67}.Debug|Any CPU.ActiveCfg = Debug|Any CPU
		{A5D4D7C5-F9C8-46B6-B420-40CAFD054F67}.Debug|Any CPU.Build.0 = Debug|Any CPU
		{A5D4D7C5-F9C8-46B6-B420-40CAFD054F67}.Release|Any CPU.ActiveCfg = Release|Any CPU
		{A5D4D7C5-F9C8-46B6-B420-40CAFD054F67}.Release|Any CPU.Build.0 = Release|Any CPU
		{1893C126-D39C-4827-B0EC-A5EFDD69C6CA}.Debug|Any CPU.ActiveCfg = Debug|Any CPU
		{1893C126-D39C-4827-B0EC-A5EFDD69C6CA}.Debug|Any CPU.Build.0 = Debug|Any CPU
		{1893C126-D39C-4827-B0EC-A5EFDD69C6CA}.Release|Any CPU.ActiveCfg = Release|Any CPU
		{1893C126-D39C-4827-B0EC-A5EFDD69C6CA}.Release|Any CPU.Build.0 = Release|Any CPU
	EndGlobalSection
	GlobalSection(SolutionProperties) = preSolution
		HideSolutionNode = FALSE
	EndGlobalSection
EndGlobal
